
Microsoft Visual Studio Solution File, Format Version 12.00
# Visual Studio Version 16
VisualStudioVersion = 16.0.28803.202
MinimumVisualStudioVersion = 10.0.40219.1
Project("{9A19103F-16F7-4668-BE54-9A1E7A4F7556}") = "CategoryTheory", "CategoryTheory.csproj", "{DF2D49F8-6459-49C4-BB4F-B676CCA79123}"
EndProject
Global
	GlobalSection(SolutionConfigurationPlatforms) = preSolution
		Debug|Any CPU = Debug|Any CPU
		Release|Any CPU = Release|Any CPU
	EndGlobalSection
	GlobalSection(ProjectConfigurationPlatforms) = postSolution
		{DF2D49F8-6459-49C4-BB4F-B676CCA79123}.Debug|Any CPU.ActiveCfg = Debug|Any CPU
		{DF2D49F8-6459-49C4-BB4F-B676CCA79123}.Debug|Any CPU.Build.0 = Debug|Any CPU
		{DF2D49F8-6459-49C4-BB4F-B676CCA79123}.Release|Any CPU.ActiveCfg = Release|Any CPU
		{DF2D49F8-6459-49C4-BB4F-B676CCA79123}.Release|Any CPU.Build.0 = Release|Any CPU
	EndGlobalSection
	GlobalSection(SolutionProperties) = preSolution
		HideSolutionNode = FALSE
	EndGlobalSection
	GlobalSection(ExtensibilityGlobals) = postSolution
		SolutionGuid = {08CE407E-53DC-46C0-B4E1-D42C4660F569}
	EndGlobalSection
EndGlobal
